
Microsoft Visual Studio Solution File, Format Version 12.00
# Visual Studio Version 16
VisualStudioVersion = 16.0.29020.237
MinimumVisualStudioVersion = 10.0.40219.1
Project("{FAE04EC0-301F-11D3-BF4B-00C04F79EFBC}") = "StoryYourHouse", "StoryYourHouse\StoryYourHouse.csproj", "{DC6ACA5C-B489-4CED-984E-D2302A65AD63}"
EndProject
Global
	GlobalSection(SolutionConfigurationPlatforms) = preSolution
		Debug|Any CPU = Debug|Any CPU
		Release|Any CPU = Release|Any CPU
	EndGlobalSection
	GlobalSection(ProjectConfigurationPlatforms) = postSolution
		{DC6ACA5C-B489-4CED-984E-D2302A65AD63}.Debug|Any CPU.ActiveCfg = Debug|Any CPU
		{DC6ACA5C-B489-4CED-984E-D2302A65AD63}.Debug|Any CPU.Build.0 = Debug|Any CPU
		{DC6ACA5C-B489-4CED-984E-D2302A65AD63}.Release|Any CPU.ActiveCfg = Release|Any CPU
		{DC6ACA5C-B489-4CED-984E-D2302A65AD63}.Release|Any CPU.Build.0 = Release|Any CPU
	EndGlobalSection
	GlobalSection(SolutionProperties) = preSolution
		HideSolutionNode = FALSE
	EndGlobalSection
	GlobalSection(ExtensibilityGlobals) = postSolution
		SolutionGuid = {6FB6146A-D042-4926-8AC4-41E8CD9778CF}
	EndGlobalSection
EndGlobal
